
Microsoft Visual Studio Solution File, Format Version 12.00
#
Project("{FAE04EC0-301F-11D3-BF4B-00C04F79EFBC}") = "Lab0.VendingMachine", "Lab0.VendicgMachine\Lab0.VendingMachine\Lab0.VendingMachine.csproj", "{7120FFBC-6D1E-4678-B873-07A57BE0E979}"
EndProject
Project("{FAE04EC0-301F-11D3-BF4B-00C04F79EFBC}") = "Lab1.CoursePlatform", "Lab1.CoursePlatform\Lab1.CoursePlatform\Lab1.CoursePlatform.csproj", "{43DB3FE9-47A0-4461-A0C5-81E03EE12CFE}"
EndProject
Project("{FAE04EC0-301F-11D3-BF4B-00C04F79EFBC}") = "Lab1.CoursePlatform.Tests", "Lab1.CoursePlatform.Tests\Lab1.CoursePlatform.Tests\Lab1.CoursePlatform.Tests.csproj", "{AEA0BB5D-5B60-4BB7-A258-55A2FC0FB3D7}"
EndProject
Project("{FAE04EC0-301F-11D3-BF4B-00C04F79EFBC}") = "Lab2.RpgInventory", "Lab2.RpgInventory\Lab2.RpgInventory\Lab2.RpgInventory.csproj", "{86956A97-F3D5-47BF-965A-F500994EAA10}"
EndProject
Project("{FAE04EC0-301F-11D3-BF4B-00C04F79EFBC}") = "Lab2.RpgInventory.Tests", "Lab2.RpgInventory.Tests\Lab2.RpgInventory.Tests\Lab2.RpgInventory.Tests.csproj", "{B4951CEA-1D6F-4BB7-8280-08D002856611}"
EndProject
Project("{FAE04EC0-301F-11D3-BF4B-00C04F79EFBC}") = "Lab3.DeliverySystem", "Lab3.DeliverySystem\Lab3.DeliverySystem\Lab3.DeliverySystem.csproj", "{B8E6CDF7-DEAD-45E9-9495-ADBD5A2180C0}"
EndProject
Project("{FAE04EC0-301F-11D3-BF4B-00C04F79EFBC}") = "Lab3.DeliverySystem.Tests", "Lab3.DeliverySystem.Tests\Lab3.DeliverySystem.Tests\Lab3.DeliverySystem.Tests.csproj", "{C006FA35-CE95-4EB2-96D9-ECAEE58E5E86}"
EndProject
Global
	GlobalSection(SolutionConfigurationPlatforms) = preSolution
		Debug|Any CPU = Debug|Any CPU
		Release|Any CPU = Release|Any CPU
	EndGlobalSection
	GlobalSection(ProjectConfigurationPlatforms) = postSolution
		{7120FFBC-6D1E-4678-B873-07A57BE0E979}.Debug|Any CPU.ActiveCfg = Debug|Any CPU
		{7120FFBC-6D1E-4678-B873-07A57BE0E979}.Debug|Any CPU.Build.0 = Debug|Any CPU
		{7120FFBC-6D1E-4678-B873-07A57BE0E979}.Release|Any CPU.ActiveCfg = Release|Any CPU
		{7120FFBC-6D1E-4678-B873-07A57BE0E979}.Release|Any CPU.Build.0 = Release|Any CPU
		{43DB3FE9-47A0-4461-A0C5-81E03EE12CFE}.Debug|Any CPU.ActiveCfg = Debug|Any CPU
		{43DB3FE9-47A0-4461-A0C5-81E03EE12CFE}.Debug|Any CPU.Build.0 = Debug|Any CPU
		{43DB3FE9-47A0-4461-A0C5-81E03EE12CFE}.Release|Any CPU.ActiveCfg = Release|Any CPU
		{43DB3FE9-47A0-4461-A0C5-81E03EE12CFE}.Release|Any CPU.Build.0 = Release|Any CPU
		{AEA0BB5D-5B60-4BB7-A258-55A2FC0FB3D7}.Debug|Any CPU.ActiveCfg = Debug|Any CPU
		{AEA0BB5D-5B60-4BB7-A258-55A2FC0FB3D7}.Debug|Any CPU.Build.0 = Debug|Any CPU
		{AEA0BB5D-5B60-4BB7-A258-55A2FC0FB3D7}.Release|Any CPU.ActiveCfg = Release|Any CPU
		{AEA0BB5D-5B60-4BB7-A258-55A2FC0FB3D7}.Release|Any CPU.Build.0 = Release|Any CPU
		{86956A97-F3D5-47BF-965A-F500994EAA10}.Debug|Any CPU.ActiveCfg = Debug|Any CPU
		{86956A97-F3D5-47BF-965A-F500994EAA10}.Debug|Any CPU.Build.0 = Debug|Any CPU
		{86956A97-F3D5-47BF-965A-F500994EAA10}.Release|Any CPU.ActiveCfg = Release|Any CPU
		{86956A97-F3D5-47BF-965A-F500994EAA10}.Release|Any CPU.Build.0 = Release|Any CPU
		{B4951CEA-1D6F-4BB7-8280-08D002856611}.Debug|Any CPU.ActiveCfg = Debug|Any CPU
		{B4951CEA-1D6F-4BB7-8280-08D002856611}.Debug|Any CPU.Build.0 = Debug|Any CPU
		{B4951CEA-1D6F-4BB7-8280-08D002856611}.Release|Any CPU.ActiveCfg = Release|Any CPU
		{B4951CEA-1D6F-4BB7-8280-08D002856611}.Release|Any CPU.Build.0 = Release|Any CPU
		{B8E6CDF7-DEAD-45E9-9495-ADBD5A2180C0}.Debug|Any CPU.ActiveCfg = Debug|Any CPU
		{B8E6CDF7-DEAD-45E9-9495-ADBD5A2180C0}.Debug|Any CPU.Build.0 = Debug|Any CPU
		{B8E6CDF7-DEAD-45E9-9495-ADBD5A2180C0}.Release|Any CPU.ActiveCfg = Release|Any CPU
		{B8E6CDF7-DEAD-45E9-9495-ADBD5A2180C0}.Release|Any CPU.Build.0 = Release|Any CPU
		{C006FA35-CE95-4EB2-96D9-ECAEE58E5E86}.Debug|Any CPU.ActiveCfg = Debug|Any CPU
		{C006FA35-CE95-4EB2-96D9-ECAEE58E5E86}.Debug|Any CPU.Build.0 = Debug|Any CPU
		{C006FA35-CE95-4EB2-96D9-ECAEE58E5E86}.Release|Any CPU.ActiveCfg = Release|Any CPU
		{C006FA35-CE95-4EB2-96D9-ECAEE58E5E86}.Release|Any CPU.Build.0 = Release|Any CPU
	EndGlobalSection
	GlobalSection(NestedProjects) = preSolution
	EndGlobalSection
EndGlobal
