
Microsoft Visual Studio Solution File, Format Version 12.00
#
Project("{FAE04EC0-301F-11D3-BF4B-00C04F79EFBC}") = "Lab0.VendingMachine", "Lab0.VendicgMachine\Lab0.VendingMachine\Lab0.VendingMachine.csproj", "{7120FFBC-6D1E-4678-B873-07A57BE0E979}"
EndProject
Project("{FAE04EC0-301F-11D3-BF4B-00C04F79EFBC}") = "Lab1.CoursePlatform", "Lab1.CoursePlatform\Lab1.CoursePlatform\Lab1.CoursePlatform.csproj", "{43DB3FE9-47A0-4461-A0C5-81E03EE12CFE}"
EndProject
Project("{FAE04EC0-301F-11D3-BF4B-00C04F79EFBC}") = "Lab1.CoursePlatform.Tests", "Lab1.CoursePlatform.Tests\Lab1.CoursePlatform.Tests\Lab1.CoursePlatform.Tests.csproj", "{AEA0BB5D-5B60-4BB7-A258-55A2FC0FB3D7}"
EndProject
Global
	GlobalSection(SolutionConfigurationPlatforms) = preSolution
		Debug|Any CPU = Debug|Any CPU
		Release|Any CPU = Release|Any CPU
	EndGlobalSection
	GlobalSection(ProjectConfigurationPlatforms) = postSolution
		{7120FFBC-6D1E-4678-B873-07A57BE0E979}.Debug|Any CPU.ActiveCfg = Debug|Any CPU
		{7120FFBC-6D1E-4678-B873-07A57BE0E979}.Debug|Any CPU.Build.0 = Debug|Any CPU
		{7120FFBC-6D1E-4678-B873-07A57BE0E979}.Release|Any CPU.ActiveCfg = Release|Any CPU
		{7120FFBC-6D1E-4678-B873-07A57BE0E979}.Release|Any CPU.Build.0 = Release|Any CPU
		{43DB3FE9-47A0-4461-A0C5-81E03EE12CFE}.Debug|Any CPU.ActiveCfg = Debug|Any CPU
		{43DB3FE9-47A0-4461-A0C5-81E03EE12CFE}.Debug|Any CPU.Build.0 = Debug|Any CPU
		{43DB3FE9-47A0-4461-A0C5-81E03EE12CFE}.Release|Any CPU.ActiveCfg = Release|Any CPU
		{43DB3FE9-47A0-4461-A0C5-81E03EE12CFE}.Release|Any CPU.Build.0 = Release|Any CPU
		{AEA0BB5D-5B60-4BB7-A258-55A2FC0FB3D7}.Debug|Any CPU.ActiveCfg = Debug|Any CPU
		{AEA0BB5D-5B60-4BB7-A258-55A2FC0FB3D7}.Debug|Any CPU.Build.0 = Debug|Any CPU
		{AEA0BB5D-5B60-4BB7-A258-55A2FC0FB3D7}.Release|Any CPU.ActiveCfg = Release|Any CPU
		{AEA0BB5D-5B60-4BB7-A258-55A2FC0FB3D7}.Release|Any CPU.Build.0 = Release|Any CPU
	EndGlobalSection
	GlobalSection(NestedProjects) = preSolution
	EndGlobalSection
EndGlobal
